
Microsoft Visual Studio Solution File, Format Version 12.00
# Visual Studio Version 16
VisualStudioVersion = 16.0.30413.136
MinimumVisualStudioVersion = 10.0.40219.1
Project("{FAE04EC0-301F-11D3-BF4B-00C04F79EFBC}") = "CircusTrein", "CircusTrein\CircusTrein.csproj", "{D2A24677-2568-4FEC-9AC3-758DD0F2D399}"
EndProject
Project("{FAE04EC0-301F-11D3-BF4B-00C04F79EFBC}") = "CircusTrainTests", "CircusTrainTests\CircusTrainTests.csproj", "{9DB792C6-A4DF-4708-AE99-156EA636F677}"
EndProject
Global
	GlobalSection(SolutionConfigurationPlatforms) = preSolution
		Debug|Any CPU = Debug|Any CPU
		Release|Any CPU = Release|Any CPU
	EndGlobalSection
	GlobalSection(ProjectConfigurationPlatforms) = postSolution
		{D2A24677-2568-4FEC-9AC3-758DD0F2D399}.Debug|Any CPU.ActiveCfg = Debug|Any CPU
		{D2A24677-2568-4FEC-9AC3-758DD0F2D399}.Debug|Any CPU.Build.0 = Debug|Any CPU
		{D2A24677-2568-4FEC-9AC3-758DD0F2D399}.Release|Any CPU.ActiveCfg = Release|Any CPU
		{D2A24677-2568-4FEC-9AC3-758DD0F2D399}.Release|Any CPU.Build.0 = Release|Any CPU
		{9DB792C6-A4DF-4708-AE99-156EA636F677}.Debug|Any CPU.ActiveCfg = Debug|Any CPU
		{9DB792C6-A4DF-4708-AE99-156EA636F677}.Debug|Any CPU.Build.0 = Debug|Any CPU
		{9DB792C6-A4DF-4708-AE99-156EA636F677}.Release|Any CPU.ActiveCfg = Release|Any CPU
		{9DB792C6-A4DF-4708-AE99-156EA636F677}.Release|Any CPU.Build.0 = Release|Any CPU
	EndGlobalSection
	GlobalSection(SolutionProperties) = preSolution
		HideSolutionNode = FALSE
	EndGlobalSection
	GlobalSection(ExtensibilityGlobals) = postSolution
		SolutionGuid = {6415FB14-9FB3-4634-84F9-C82AD8A383A7}
	EndGlobalSection
EndGlobal
